// !$*UTF8*$!
{
	archiveVersion = 1;
	classes = {
	};
	objectVersion = 46;
	objects = {

/* Begin PBXBuildFile section */
		72629E471C5E2E3D00AB369A /* ChatHistory.json in Resources */ = {isa = PBXBuildFile; fileRef = 72629E461C5E2E3D00AB369A /* ChatHistory.json */; };
		72629E4A1C5E2ECF00AB369A /* AppCore.m in Sources */ = {isa = PBXBuildFile; fileRef = 72629E491C5E2ECF00AB369A /* AppCore.m */; };
		72629E4D1C5E47C600AB369A /* Mark.jpg in Resources */ = {isa = PBXBuildFile; fileRef = 72629E4B1C5E47C600AB369A /* Mark.jpg */; };
		72629E4E1C5E47C600AB369A /* Steve.jpg in Resources */ = {isa = PBXBuildFile; fileRef = 72629E4C1C5E47C600AB369A /* Steve.jpg */; };
		72CBCC571C5D07D90074F21A /* main.m in Sources */ = {isa = PBXBuildFile; fileRef = 72CBCC561C5D07D90074F21A /* main.m */; };
		72CBCC5A1C5D07D90074F21A /* AppDelegate.m in Sources */ = {isa = PBXBuildFile; fileRef = 72CBCC591C5D07D90074F21A /* AppDelegate.m */; };
		72CBCC5D1C5D07D90074F21A /* ViewController.m in Sources */ = {isa = PBXBuildFile; fileRef = 72CBCC5C1C5D07D90074F21A /* ViewController.m */; };
		72CBCC601C5D07D90074F21A /* Main.storyboard in Resources */ = {isa = PBXBuildFile; fileRef = 72CBCC5E1C5D07D90074F21A /* Main.storyboard */; };
		72CBCC631C5D07D90074F21A /* SimpleChatUI.xcdatamodeld in Sources */ = {isa = PBXBuildFile; fileRef = 72CBCC611C5D07D90074F21A /* SimpleChatUI.xcdatamodeld */; };
		72CBCC651C5D07D90074F21A /* Assets.xcassets in Resources */ = {isa = PBXBuildFile; fileRef = 72CBCC641C5D07D90074F21A /* Assets.xcassets */; };
		72CBCC681C5D07D90074F21A /* LaunchScreen.storyboard in Resources */ = {isa = PBXBuildFile; fileRef = 72CBCC661C5D07D90074F21A /* LaunchScreen.storyboard */; };
		72CBCC711C5D08D70074F21A /* ChatInterface.xib in Resources */ = {isa = PBXBuildFile; fileRef = 72CBCC701C5D08D70074F21A /* ChatInterface.xib */; };
		72CBCC741C5D16900074F21A /* MessageDTO.m in Sources */ = {isa = PBXBuildFile; fileRef = 72CBCC731C5D16900074F21A /* MessageDTO.m */; };
		72CBCC781C5D28A30074F21A /* Utilities.m in Sources */ = {isa = PBXBuildFile; fileRef = 72CBCC771C5D28A30074F21A /* Utilities.m */; };
/* End PBXBuildFile section */

/* Begin PBXFileReference section */
		72629E461C5E2E3D00AB369A /* ChatHistory.json */ = {isa = PBXFileReference; fileEncoding = 4; lastKnownFileType = text.json; name = ChatHistory.json; path = SimpleChatUI/ChatHistory.json; sourceTree = "<group>"; };
		72629E481C5E2ECF00AB369A /* AppCore.h */ = {isa = PBXFileReference; fileEncoding = 4; lastKnownFileType = sourcecode.c.h; name = AppCore.h; path = AppCore/AppCore.h; sourceTree = "<group>"; };
		72629E491C5E2ECF00AB369A /* AppCore.m */ = {isa = PBXFileReference; fileEncoding = 4; lastKnownFileType = sourcecode.c.objc; name = AppCore.m; path = AppCore/AppCore.m; sourceTree = "<group>"; };
		72629E4B1C5E47C600AB369A /* Mark.jpg */ = {isa = PBXFileReference; lastKnownFileType = image.jpeg; path = Mark.jpg; sourceTree = "<group>"; };
		72629E4C1C5E47C600AB369A /* Steve.jpg */ = {isa = PBXFileReference; lastKnownFileType = image.jpeg; path = Steve.jpg; sourceTree = "<group>"; };
		72CBCC521C5D07D90074F21A /* SimpleChatUI.app */ = {isa = PBXFileReference; explicitFileType = wrapper.application; includeInIndex = 0; path = SimpleChatUI.app; sourceTree = BUILT_PRODUCTS_DIR; };
		72CBCC561C5D07D90074F21A /* main.m */ = {isa = PBXFileReference; lastKnownFileType = sourcecode.c.objc; path = main.m; sourceTree = "<group>"; };
		72CBCC581C5D07D90074F21A /* AppDelegate.h */ = {isa = PBXFileReference; lastKnownFileType = sourcecode.c.h; path = AppDelegate.h; sourceTree = "<group>"; };
		72CBCC591C5D07D90074F21A /* AppDelegate.m */ = {isa = PBXFileReference; lastKnownFileType = sourcecode.c.objc; path = AppDelegate.m; sourceTree = "<group>"; };
		72CBCC5B1C5D07D90074F21A /* ViewController.h */ = {isa = PBXFileReference; lastKnownFileType = sourcecode.c.h; path = ViewController.h; sourceTree = "<group>"; };
		72CBCC5C1C5D07D90074F21A /* ViewController.m */ = {isa = PBXFileReference; lastKnownFileType = sourcecode.c.objc; path = ViewController.m; sourceTree = "<group>"; };
		72CBCC5F1C5D07D90074F21A /* Base */ = {isa = PBXFileReference; lastKnownFileType = file.storyboard; name = Base; path = Base.lproj/Main.storyboard; sourceTree = "<group>"; };
		72CBCC621C5D07D90074F21A /* SimpleChatUI.xcdatamodel */ = {isa = PBXFileReference; lastKnownFileType = wrapper.xcdatamodel; path = SimpleChatUI.xcdatamodel; sourceTree = "<group>"; };
		72CBCC641C5D07D90074F21A /* Assets.xcassets */ = {isa = PBXFileReference; lastKnownFileType = folder.assetcatalog; path = Assets.xcassets; sourceTree = "<group>"; };
		72CBCC671C5D07D90074F21A /* Base */ = {isa = PBXFileReference; lastKnownFileType = file.storyboard; name = Base; path = Base.lproj/LaunchScreen.storyboard; sourceTree = "<group>"; };
		72CBCC691C5D07D90074F21A /* Info.plist */ = {isa = PBXFileReference; lastKnownFileType = text.plist.xml; path = Info.plist; sourceTree = "<group>"; };
		72CBCC6F1C5D084E0074F21A /* SimpleChatUI-Prefix.pch */ = {isa = PBXFileReference; lastKnownFileType = sourcecode.c.h; path = "SimpleChatUI-Prefix.pch"; sourceTree = "<group>"; };
		72CBCC701C5D08D70074F21A /* ChatInterface.xib */ = {isa = PBXFileReference; fileEncoding = 4; lastKnownFileType = file.xib; path = ChatInterface.xib; sourceTree = "<group>"; };
		72CBCC721C5D16900074F21A /* MessageDTO.h */ = {isa = PBXFileReference; fileEncoding = 4; lastKnownFileType = sourcecode.c.h; path = MessageDTO.h; sourceTree = "<group>"; };
		72CBCC731C5D16900074F21A /* MessageDTO.m */ = {isa = PBXFileReference; fileEncoding = 4; lastKnownFileType = sourcecode.c.objc; path = MessageDTO.m; sourceTree = "<group>"; };
		72CBCC751C5D26560074F21A /* constants.h */ = {isa = PBXFileReference; lastKnownFileType = sourcecode.c.h; path = constants.h; sourceTree = "<group>"; };
		72CBCC761C5D28A30074F21A /* Utilities.h */ = {isa = PBXFileReference; fileEncoding = 4; lastKnownFileType = sourcecode.c.h; path = Utilities.h; sourceTree = "<group>"; };
		72CBCC771C5D28A30074F21A /* Utilities.m */ = {isa = PBXFileReference; fileEncoding = 4; lastKnownFileType = sourcecode.c.objc; path = Utilities.m; sourceTree = "<group>"; };
/* End PBXFileReference section */

/* Begin PBXFrameworksBuildPhase section */
		72CBCC4F1C5D07D90074F21A /* Frameworks */ = {
			isa = PBXFrameworksBuildPhase;
			buildActionMask = 2147483647;
			files = (
			);
			runOnlyForDeploymentPostprocessing = 0;
		};
/* End PBXFrameworksBuildPhase section */

/* Begin PBXGroup section */
		72CBCC491C5D07D90074F21A = {
			isa = PBXGroup;
			children = (
				72629E461C5E2E3D00AB369A /* ChatHistory.json */,
				72CBCC701C5D08D70074F21A /* ChatInterface.xib */,
				72CBCC541C5D07D90074F21A /* SimpleChatUI */,
				72CBCC531C5D07D90074F21A /* Products */,
			);
			sourceTree = "<group>";
		};
		72CBCC531C5D07D90074F21A /* Products */ = {
			isa = PBXGroup;
			children = (
				72CBCC521C5D07D90074F21A /* SimpleChatUI.app */,
			);
			name = Products;
			sourceTree = "<group>";
		};
		72CBCC541C5D07D90074F21A /* SimpleChatUI */ = {
			isa = PBXGroup;
			children = (
				72CBCC581C5D07D90074F21A /* AppDelegate.h */,
				72CBCC591C5D07D90074F21A /* AppDelegate.m */,
				72629E481C5E2ECF00AB369A /* AppCore.h */,
				72629E491C5E2ECF00AB369A /* AppCore.m */,
				72CBCC5B1C5D07D90074F21A /* ViewController.h */,
				72CBCC5C1C5D07D90074F21A /* ViewController.m */,
				72CBCC721C5D16900074F21A /* MessageDTO.h */,
				72CBCC731C5D16900074F21A /* MessageDTO.m */,
				72CBCC751C5D26560074F21A /* constants.h */,
				72CBCC761C5D28A30074F21A /* Utilities.h */,
				72CBCC771C5D28A30074F21A /* Utilities.m */,
				72CBCC6F1C5D084E0074F21A /* SimpleChatUI-Prefix.pch */,
				72629E4B1C5E47C600AB369A /* Mark.jpg */,
				72629E4C1C5E47C600AB369A /* Steve.jpg */,
				72CBCC5E1C5D07D90074F21A /* Main.storyboard */,
				72CBCC641C5D07D90074F21A /* Assets.xcassets */,
				72CBCC661C5D07D90074F21A /* LaunchScreen.storyboard */,
				72CBCC691C5D07D90074F21A /* Info.plist */,
				72CBCC611C5D07D90074F21A /* SimpleChatUI.xcdatamodeld */,
				72CBCC551C5D07D90074F21A /* Supporting Files */,
			);
			path = SimpleChatUI;
			sourceTree = "<group>";
		};
		72CBCC551C5D07D90074F21A /* Supporting Files */ = {
			isa = PBXGroup;
			children = (
				72CBCC561C5D07D90074F21A /* main.m */,
			);
			name = "Supporting Files";
			sourceTree = "<group>";
		};
/* End PBXGroup section */

/* Begin PBXNativeTarget section */
		72CBCC511C5D07D90074F21A /* SimpleChatUI */ = {
			isa = PBXNativeTarget;
			buildConfigurationList = 72CBCC6C1C5D07D90074F21A /* Build configuration list for PBXNativeTarget "SimpleChatUI" */;
			buildPhases = (
				72CBCC4E1C5D07D90074F21A /* Sources */,
				72CBCC4F1C5D07D90074F21A /* Frameworks */,
				72CBCC501C5D07D90074F21A /* Resources */,
			);
			buildRules = (
			);
			dependencies = (
			);
			name = SimpleChatUI;
			productName = SimpleChatUI;
			productReference = 72CBCC521C5D07D90074F21A /* SimpleChatUI.app */;
			productType = "com.apple.product-type.application";
		};
/* End PBXNativeTarget section */

/* Begin PBXProject section */
		72CBCC4A1C5D07D90074F21A /* Project object */ = {
			isa = PBXProject;
			attributes = {
				LastUpgradeCheck = 0710;
				ORGANIZATIONNAME = Thabib;
				TargetAttributes = {
					72CBCC511C5D07D90074F21A = {
						CreatedOnToolsVersion = 7.1;
					};
				};
			};
			buildConfigurationList = 72CBCC4D1C5D07D90074F21A /* Build configuration list for PBXProject "SimpleChatUI" */;
			compatibilityVersion = "Xcode 3.2";
			developmentRegion = English;
			hasScannedForEncodings = 0;
			knownRegions = (
				en,
				Base,
			);
			mainGroup = 72CBCC491C5D07D90074F21A;
			productRefGroup = 72CBCC531C5D07D90074F21A /* Products */;
			projectDirPath = "";
			projectRoot = "";
			targets = (
				72CBCC511C5D07D90074F21A /* SimpleChatUI */,
			);
		};
/* End PBXProject section */

/* Begin PBXResourcesBuildPhase section */
		72CBCC501C5D07D90074F21A /* Resources */ = {
			isa = PBXResourcesBuildPhase;
			buildActionMask = 2147483647;
			files = (
				72CBCC681C5D07D90074F21A /* LaunchScreen.storyboard in Resources */,
				72629E4E1C5E47C600AB369A /* Steve.jpg in Resources */,
				72CBCC651C5D07D90074F21A /* Assets.xcassets in Resources */,
				72629E4D1C5E47C600AB369A /* Mark.jpg in Resources */,
				72CBCC601C5D07D90074F21A /* Main.storyboard in Resources */,
				72629E471C5E2E3D00AB369A /* ChatHistory.json in Resources */,
				72CBCC711C5D08D70074F21A /* ChatInterface.xib in Resources */,
			);
			runOnlyForDeploymentPostprocessing = 0;
		};
/* End PBXResourcesBuildPhase section */

/* Begin PBXSourcesBuildPhase section */
		72CBCC4E1C5D07D90074F21A /* Sources */ = {
			isa = PBXSourcesBuildPhase;
			buildActionMask = 2147483647;
			files = (
				72CBCC781C5D28A30074F21A /* Utilities.m in Sources */,
				72CBCC5D1C5D07D90074F21A /* ViewController.m in Sources */,
				72629E4A1C5E2ECF00AB369A /* AppCore.m in Sources */,
				72CBCC631C5D07D90074F21A /* SimpleChatUI.xcdatamodeld in Sources */,
				72CBCC741C5D16900074F21A /* MessageDTO.m in Sources */,
				72CBCC5A1C5D07D90074F21A /* AppDelegate.m in Sources */,
				72CBCC571C5D07D90074F21A /* main.m in Sources */,
			);
			runOnlyForDeploymentPostprocessing = 0;
		};
/* End PBXSourcesBuildPhase section */

/* Begin PBXVariantGroup section */
		72CBCC5E1C5D07D90074F21A /* Main.storyboard */ = {
			isa = PBXVariantGroup;
			children = (
				72CBCC5F1C5D07D90074F21A /* Base */,
			);
			name = Main.storyboard;
			sourceTree = "<group>";
		};
		72CBCC661C5D07D90074F21A /* LaunchScreen.storyboard */ = {
			isa = PBXVariantGroup;
			children = (
				72CBCC671C5D07D90074F21A /* Base */,
			);
			name = LaunchScreen.storyboard;
			sourceTree = "<group>";
		};
/* End PBXVariantGroup section */

/* Begin XCBuildConfiguration section */
		72CBCC6A1C5D07D90074F21A /* Debug */ = {
			isa = XCBuildConfiguration;
			buildSettings = {
				ALWAYS_SEARCH_USER_PATHS = NO;
				CLANG_CXX_LANGUAGE_STANDARD = "gnu++0x";
				CLANG_CXX_LIBRARY = "libc++";
				CLANG_ENABLE_MODULES = YES;
				CLANG_ENABLE_OBJC_ARC = YES;
				CLANG_WARN_BOOL_CONVERSION = YES;
				CLANG_WARN_CONSTANT_CONVERSION = YES;
				CLANG_WARN_DIRECT_OBJC_ISA_USAGE = YES_ERROR;
				CLANG_WARN_EMPTY_BODY = YES;
				CLANG_WARN_ENUM_CONVERSION = YES;
				CLANG_WARN_INT_CONVERSION = YES;
				CLANG_WARN_OBJC_ROOT_CLASS = YES_ERROR;
				CLANG_WARN_UNREACHABLE_CODE = YES;
				CLANG_WARN__DUPLICATE_METHOD_MATCH = YES;
				"CODE_SIGN_IDENTITY[sdk=iphoneos*]" = "iPhone Developer";
				COPY_PHASE_STRIP = NO;
				DEBUG_INFORMATION_FORMAT = dwarf;
				ENABLE_STRICT_OBJC_MSGSEND = YES;
				ENABLE_TESTABILITY = YES;
				GCC_C_LANGUAGE_STANDARD = gnu99;
				GCC_DYNAMIC_NO_PIC = NO;
				GCC_NO_COMMON_BLOCKS = YES;
				GCC_OPTIMIZATION_LEVEL = 0;
				GCC_PREPROCESSOR_DEFINITIONS = (
					"DEBUG=1",
					"$(inherited)",
				);
				GCC_WARN_64_TO_32_BIT_CONVERSION = YES;
				GCC_WARN_ABOUT_RETURN_TYPE = YES_ERROR;
				GCC_WARN_UNDECLARED_SELECTOR = YES;
				GCC_WARN_UNINITIALIZED_AUTOS = YES_AGGRESSIVE;
				GCC_WARN_UNUSED_FUNCTION = YES;
				GCC_WARN_UNUSED_VARIABLE = YES;
				IPHONEOS_DEPLOYMENT_TARGET = 9.1;
				MTL_ENABLE_DEBUG_INFO = YES;
				ONLY_ACTIVE_ARCH = YES;
				SDKROOT = iphoneos;
			};
			name = Debug;
		};
		72CBCC6B1C5D07D90074F21A /* Release */ = {
			isa = XCBuildConfiguration;
			buildSettings = {
				ALWAYS_SEARCH_USER_PATHS = NO;
				CLANG_CXX_LANGUAGE_STANDARD = "gnu++0x";
				CLANG_CXX_LIBRARY = "libc++";
				CLANG_ENABLE_MODULES = YES;
				CLANG_ENABLE_OBJC_ARC = YES;
				CLANG_WARN_BOOL_CONVERSION = YES;
				CLANG_WARN_CONSTANT_CONVERSION = YES;
				CLANG_WARN_DIRECT_OBJC_ISA_USAGE = YES_ERROR;
				CLANG_WARN_EMPTY_BODY = YES;
				CLANG_WARN_ENUM_CONVERSION = YES;
				CLANG_WARN_INT_CONVERSION = YES;
				CLANG_WARN_OBJC_ROOT_CLASS = YES_ERROR;
				CLANG_WARN_UNREACHABLE_CODE = YES;
				CLANG_WARN__DUPLICATE_METHOD_MATCH = YES;
				"CODE_SIGN_IDENTITY[sdk=iphoneos*]" = "iPhone Developer";
				COPY_PHASE_STRIP = NO;
				DEBUG_INFORMATION_FORMAT = "dwarf-with-dsym";
				ENABLE_NS_ASSERTIONS = NO;
				ENABLE_STRICT_OBJC_MSGSEND = YES;
				GCC_C_LANGUAGE_STANDARD = gnu99;
				GCC_NO_COMMON_BLOCKS = YES;
				GCC_WARN_64_TO_32_BIT_CONVERSION = YES;
				GCC_WARN_ABOUT_RETURN_TYPE = YES_ERROR;
				GCC_WARN_UNDECLARED_SELECTOR = YES;
				GCC_WARN_UNINITIALIZED_AUTOS = YES_AGGRESSIVE;
				GCC_WARN_UNUSED_FUNCTION = YES;
				GCC_WARN_UNUSED_VARIABLE = YES;
				IPHONEOS_DEPLOYMENT_TARGET = 9.1;
				MTL_ENABLE_DEBUG_INFO = NO;
				SDKROOT = iphoneos;
				VALIDATE_PRODUCT = YES;
			};
			name = Release;
		};
		72CBCC6D1C5D07D90074F21A /* Debug */ = {
			isa = XCBuildConfiguration;
			buildSettings = {
				ASSETCATALOG_COMPILER_APPICON_NAME = AppIcon;
				GCC_PRECOMPILE_PREFIX_HEADER = YES;
				GCC_PREFIX_HEADER = "SimpleChatUI/SimpleChatUI-Prefix.pch";
				INFOPLIST_FILE = SimpleChatUI/Info.plist;
				IPHONEOS_DEPLOYMENT_TARGET = 8.0;
				LD_RUNPATH_SEARCH_PATHS = "$(inherited) @executable_path/Frameworks";
				PRODUCT_BUNDLE_IDENTIFIER = com.thabib.development..SimpleChatUI;
				PRODUCT_NAME = "$(TARGET_NAME)";
			};
			name = Debug;
		};
		72CBCC6E1C5D07D90074F21A /* Release */ = {
			isa = XCBuildConfiguration;
			buildSettings = {
				ASSETCATALOG_COMPILER_APPICON_NAME = AppIcon;
				GCC_PRECOMPILE_PREFIX_HEADER = YES;
				GCC_PREFIX_HEADER = "SimpleChatUI/SimpleChatUI-Prefix.pch";
				INFOPLIST_FILE = SimpleChatUI/Info.plist;
				IPHONEOS_DEPLOYMENT_TARGET = 8.0;
				LD_RUNPATH_SEARCH_PATHS = "$(inherited) @executable_path/Frameworks";
				PRODUCT_BUNDLE_IDENTIFIER = com.thabib.development..SimpleChatUI;
				PRODUCT_NAME = "$(TARGET_NAME)";
			};
			name = Release;
		};
/* End XCBuildConfiguration section */

/* Begin XCConfigurationList section */
		72CBCC4D1C5D07D90074F21A /* Build configuration list for PBXProject "SimpleChatUI" */ = {
			isa = XCConfigurationList;
			buildConfigurations = (
				72CBCC6A1C5D07D90074F21A /* Debug */,
				72CBCC6B1C5D07D90074F21A /* Release */,
			);
			defaultConfigurationIsVisible = 0;
			defaultConfigurationName = Release;
		};
		72CBCC6C1C5D07D90074F21A /* Build configuration list for PBXNativeTarget "SimpleChatUI" */ = {
			isa = XCConfigurationList;
			buildConfigurations = (
				72CBCC6D1C5D07D90074F21A /* Debug */,
				72CBCC6E1C5D07D90074F21A /* Release */,
			);
			defaultConfigurationIsVisible = 0;
			defaultConfigurationName = Release;
		};
/* End XCConfigurationList section */

/* Begin XCVersionGroup section */
		72CBCC611C5D07D90074F21A /* SimpleChatUI.xcdatamodeld */ = {
			isa = XCVersionGroup;
			children = (
				72CBCC621C5D07D90074F21A /* SimpleChatUI.xcdatamodel */,
			);
			currentVersion = 72CBCC621C5D07D90074F21A /* SimpleChatUI.xcdatamodel */;
			path = SimpleChatUI.xcdatamodeld;
			sourceTree = "<group>";
			versionGroupType = wrapper.xcdatamodel;
		};
/* End XCVersionGroup section */
	};
	rootObject = 72CBCC4A1C5D07D90074F21A /* Project object */;
}
